
Microsoft Visual Studio Solution File, Format Version 12.00
# Visual Studio Version 16
VisualStudioVersion = 16.0.29728.190
MinimumVisualStudioVersion = 10.0.40219.1
Project("{FAE04EC0-301F-11D3-BF4B-00C04F79EFBC}") = "QuanLiNhaSach", "QuanLiNhaSach\QuanLiNhaSach.csproj", "{65FC23FE-06B7-47C0-8EA6-978C1B08A1DF}"
EndProject
Global
	GlobalSection(SolutionConfigurationPlatforms) = preSolution
		Debug|Any CPU = Debug|Any CPU
		Release|Any CPU = Release|Any CPU
	EndGlobalSection
	GlobalSection(ProjectConfigurationPlatforms) = postSolution
		{65FC23FE-06B7-47C0-8EA6-978C1B08A1DF}.Debug|Any CPU.ActiveCfg = Debug|Any CPU
		{65FC23FE-06B7-47C0-8EA6-978C1B08A1DF}.Debug|Any CPU.Build.0 = Debug|Any CPU
		{65FC23FE-06B7-47C0-8EA6-978C1B08A1DF}.Release|Any CPU.ActiveCfg = Release|Any CPU
		{65FC23FE-06B7-47C0-8EA6-978C1B08A1DF}.Release|Any CPU.Build.0 = Release|Any CPU
	EndGlobalSection
	GlobalSection(SolutionProperties) = preSolution
		HideSolutionNode = FALSE
	EndGlobalSection
	GlobalSection(ExtensibilityGlobals) = postSolution
		SolutionGuid = {7251F6CE-C959-4BBF-A9A7-51E1C39D8578}
	EndGlobalSection
EndGlobal
