
Microsoft Visual Studio Solution File, Format Version 12.00
# Visual Studio Version 16
VisualStudioVersion = 16.0.30204.135
MinimumVisualStudioVersion = 10.0.40219.1
Project("{FAE04EC0-301F-11D3-BF4B-00C04F79EFBC}") = "WebAPI", "WebAPI\WebAPI.csproj", "{D97A9C2B-7254-4F5A-AC00-71BABEC43BD1}"
EndProject
Project("{FAE04EC0-301F-11D3-BF4B-00C04F79EFBC}") = "QLNS_DAL", "QLNS_DAL\QLNS_DAL.csproj", "{5BD2EA7E-D506-4F49-8896-6C4B3A5E3378}"
EndProject
Project("{FAE04EC0-301F-11D3-BF4B-00C04F79EFBC}") = "QLNS_BLL", "QLNS_BLL\QLNS_BLL.csproj", "{B43CB50B-D135-4C5E-A7CC-DC7602608F66}"
EndProject
Project("{FAE04EC0-301F-11D3-BF4B-00C04F79EFBC}") = "QLNS_DTO", "QLNS_DTO\QLNS_DTO.csproj", "{CE8E633D-682F-43B6-A765-62D5A1D5C019}"
EndProject
Global
	GlobalSection(SolutionConfigurationPlatforms) = preSolution
		Debug|Any CPU = Debug|Any CPU
		Release|Any CPU = Release|Any CPU
	EndGlobalSection
	GlobalSection(ProjectConfigurationPlatforms) = postSolution
		{D97A9C2B-7254-4F5A-AC00-71BABEC43BD1}.Debug|Any CPU.ActiveCfg = Debug|Any CPU
		{D97A9C2B-7254-4F5A-AC00-71BABEC43BD1}.Debug|Any CPU.Build.0 = Debug|Any CPU
		{D97A9C2B-7254-4F5A-AC00-71BABEC43BD1}.Release|Any CPU.ActiveCfg = Release|Any CPU
		{D97A9C2B-7254-4F5A-AC00-71BABEC43BD1}.Release|Any CPU.Build.0 = Release|Any CPU
		{5BD2EA7E-D506-4F49-8896-6C4B3A5E3378}.Debug|Any CPU.ActiveCfg = Debug|Any CPU
		{5BD2EA7E-D506-4F49-8896-6C4B3A5E3378}.Debug|Any CPU.Build.0 = Debug|Any CPU
		{5BD2EA7E-D506-4F49-8896-6C4B3A5E3378}.Release|Any CPU.ActiveCfg = Release|Any CPU
		{5BD2EA7E-D506-4F49-8896-6C4B3A5E3378}.Release|Any CPU.Build.0 = Release|Any CPU
		{B43CB50B-D135-4C5E-A7CC-DC7602608F66}.Debug|Any CPU.ActiveCfg = Debug|Any CPU
		{B43CB50B-D135-4C5E-A7CC-DC7602608F66}.Debug|Any CPU.Build.0 = Debug|Any CPU
		{B43CB50B-D135-4C5E-A7CC-DC7602608F66}.Release|Any CPU.ActiveCfg = Release|Any CPU
		{B43CB50B-D135-4C5E-A7CC-DC7602608F66}.Release|Any CPU.Build.0 = Release|Any CPU
		{CE8E633D-682F-43B6-A765-62D5A1D5C019}.Debug|Any CPU.ActiveCfg = Debug|Any CPU
		{CE8E633D-682F-43B6-A765-62D5A1D5C019}.Debug|Any CPU.Build.0 = Debug|Any CPU
		{CE8E633D-682F-43B6-A765-62D5A1D5C019}.Release|Any CPU.ActiveCfg = Release|Any CPU
		{CE8E633D-682F-43B6-A765-62D5A1D5C019}.Release|Any CPU.Build.0 = Release|Any CPU
	EndGlobalSection
	GlobalSection(SolutionProperties) = preSolution
		HideSolutionNode = FALSE
	EndGlobalSection
	GlobalSection(ExtensibilityGlobals) = postSolution
		SolutionGuid = {A36B6A0A-53BE-47DA-B192-6A2AB3D5D193}
	EndGlobalSection
EndGlobal
